
Microsoft Visual Studio Solution File, Format Version 12.00
# Visual Studio Version 17
VisualStudioVersion = 17.14.37203.1
MinimumVisualStudioVersion = 10.0.40219.1
Project("{2150E333-8FDC-42A3-9474-1A3956D46DE8}") = "Src", "Src", "{02EA681E-C7D8-13C7-8484-4AC65E1B71E8}"
EndProject
Project("{FAE04EC0-301F-11D3-BF4B-00C04F79EFBC}") = "FCG.Infra", "FCG.Infra\FCG.Infra.csproj", "{5423D8BE-EC9F-4AA8-9CE1-493E7E39DEAB}"
	ProjectSection(ProjectDependencies) = postProject
		{B7B1206F-E559-4D74-BB8F-0099851C956B} = {B7B1206F-E559-4D74-BB8F-0099851C956B}
		{F3193591-7084-4C03-A9E4-7F4F03BC0405} = {F3193591-7084-4C03-A9E4-7F4F03BC0405}
	EndProjectSection
EndProject
Project("{FAE04EC0-301F-11D3-BF4B-00C04F79EFBC}") = "FCG.Api", "FCG.Api\FCG.Api.csproj", "{6BB8C020-E83D-44DA-A905-406B4E09F048}"
	ProjectSection(ProjectDependencies) = postProject
		{5423D8BE-EC9F-4AA8-9CE1-493E7E39DEAB} = {5423D8BE-EC9F-4AA8-9CE1-493E7E39DEAB}
		{B7B1206F-E559-4D74-BB8F-0099851C956B} = {B7B1206F-E559-4D74-BB8F-0099851C956B}
	EndProjectSection
EndProject
Project("{FAE04EC0-301F-11D3-BF4B-00C04F79EFBC}") = "FCG.Application", "FCG.Application\FCG.Application.csproj", "{B7B1206F-E559-4D74-BB8F-0099851C956B}"
	ProjectSection(ProjectDependencies) = postProject
		{F3193591-7084-4C03-A9E4-7F4F03BC0405} = {F3193591-7084-4C03-A9E4-7F4F03BC0405}
	EndProjectSection
EndProject
Project("{FAE04EC0-301F-11D3-BF4B-00C04F79EFBC}") = "FCG.Domain", "FCG.Domain\FCG.Domain.csproj", "{F3193591-7084-4C03-A9E4-7F4F03BC0405}"
EndProject
Global
	GlobalSection(SolutionConfigurationPlatforms) = preSolution
		Debug|Any CPU = Debug|Any CPU
		Debug|x64 = Debug|x64
		Debug|x86 = Debug|x86
		Release|Any CPU = Release|Any CPU
		Release|x64 = Release|x64
		Release|x86 = Release|x86
	EndGlobalSection
	GlobalSection(ProjectConfigurationPlatforms) = postSolution
		{5423D8BE-EC9F-4AA8-9CE1-493E7E39DEAB}.Debug|Any CPU.ActiveCfg = Debug|Any CPU
		{5423D8BE-EC9F-4AA8-9CE1-493E7E39DEAB}.Debug|Any CPU.Build.0 = Debug|Any CPU
		{5423D8BE-EC9F-4AA8-9CE1-493E7E39DEAB}.Debug|x64.ActiveCfg = Debug|Any CPU
		{5423D8BE-EC9F-4AA8-9CE1-493E7E39DEAB}.Debug|x64.Build.0 = Debug|Any CPU
		{5423D8BE-EC9F-4AA8-9CE1-493E7E39DEAB}.Debug|x86.ActiveCfg = Debug|Any CPU
		{5423D8BE-EC9F-4AA8-9CE1-493E7E39DEAB}.Debug|x86.Build.0 = Debug|Any CPU
		{5423D8BE-EC9F-4AA8-9CE1-493E7E39DEAB}.Release|Any CPU.ActiveCfg = Release|Any CPU
		{5423D8BE-EC9F-4AA8-9CE1-493E7E39DEAB}.Release|Any CPU.Build.0 = Release|Any CPU
		{5423D8BE-EC9F-4AA8-9CE1-493E7E39DEAB}.Release|x64.ActiveCfg = Release|Any CPU
		{5423D8BE-EC9F-4AA8-9CE1-493E7E39DEAB}.Release|x64.Build.0 = Release|Any CPU
		{5423D8BE-EC9F-4AA8-9CE1-493E7E39DEAB}.Release|x86.ActiveCfg = Release|Any CPU
		{5423D8BE-EC9F-4AA8-9CE1-493E7E39DEAB}.Release|x86.Build.0 = Release|Any CPU
		{6BB8C020-E83D-44DA-A905-406B4E09F048}.Debug|Any CPU.ActiveCfg = Debug|Any CPU
		{6BB8C020-E83D-44DA-A905-406B4E09F048}.Debug|Any CPU.Build.0 = Debug|Any CPU
		{6BB8C020-E83D-44DA-A905-406B4E09F048}.Debug|x64.ActiveCfg = Debug|Any CPU
		{6BB8C020-E83D-44DA-A905-406B4E09F048}.Debug|x64.Build.0 = Debug|Any CPU
		{6BB8C020-E83D-44DA-A905-406B4E09F048}.Debug|x86.ActiveCfg = Debug|Any CPU
		{6BB8C020-E83D-44DA-A905-406B4E09F048}.Debug|x86.Build.0 = Debug|Any CPU
		{6BB8C020-E83D-44DA-A905-406B4E09F048}.Release|Any CPU.ActiveCfg = Release|Any CPU
		{6BB8C020-E83D-44DA-A905-406B4E09F048}.Release|Any CPU.Build.0 = Release|Any CPU
		{6BB8C020-E83D-44DA-A905-406B4E09F048}.Release|x64.ActiveCfg = Release|Any CPU
		{6BB8C020-E83D-44DA-A905-406B4E09F048}.Release|x64.Build.0 = Release|Any CPU
		{6BB8C020-E83D-44DA-A905-406B4E09F048}.Release|x86.ActiveCfg = Release|Any CPU
		{6BB8C020-E83D-44DA-A905-406B4E09F048}.Release|x86.Build.0 = Release|Any CPU
		{B7B1206F-E559-4D74-BB8F-0099851C956B}.Debug|Any CPU.ActiveCfg = Debug|Any CPU
		{B7B1206F-E559-4D74-BB8F-0099851C956B}.Debug|Any CPU.Build.0 = Debug|Any CPU
		{B7B1206F-E559-4D74-BB8F-0099851C956B}.Debug|x64.ActiveCfg = Debug|Any CPU
		{B7B1206F-E559-4D74-BB8F-0099851C956B}.Debug|x64.Build.0 = Debug|Any CPU
		{B7B1206F-E559-4D74-BB8F-0099851C956B}.Debug|x86.ActiveCfg = Debug|Any CPU
		{B7B1206F-E559-4D74-BB8F-0099851C956B}.Debug|x86.Build.0 = Debug|Any CPU
		{B7B1206F-E559-4D74-BB8F-0099851C956B}.Release|Any CPU.ActiveCfg = Release|Any CPU
		{B7B1206F-E559-4D74-BB8F-0099851C956B}.Release|Any CPU.Build.0 = Release|Any CPU
		{B7B1206F-E559-4D74-BB8F-0099851C956B}.Release|x64.ActiveCfg = Release|Any CPU
		{B7B1206F-E559-4D74-BB8F-0099851C956B}.Release|x64.Build.0 = Release|Any CPU
		{B7B1206F-E559-4D74-BB8F-0099851C956B}.Release|x86.ActiveCfg = Release|Any CPU
		{B7B1206F-E559-4D74-BB8F-0099851C956B}.Release|x86.Build.0 = Release|Any CPU
		{F3193591-7084-4C03-A9E4-7F4F03BC0405}.Debug|Any CPU.ActiveCfg = Debug|Any CPU
		{F3193591-7084-4C03-A9E4-7F4F03BC0405}.Debug|Any CPU.Build.0 = Debug|Any CPU
		{F3193591-7084-4C03-A9E4-7F4F03BC0405}.Debug|x64.ActiveCfg = Debug|Any CPU
		{F3193591-7084-4C03-A9E4-7F4F03BC0405}.Debug|x64.Build.0 = Debug|Any CPU
		{F3193591-7084-4C03-A9E4-7F4F03BC0405}.Debug|x86.ActiveCfg = Debug|Any CPU
		{F3193591-7084-4C03-A9E4-7F4F03BC0405}.Debug|x86.Build.0 = Debug|Any CPU
		{F3193591-7084-4C03-A9E4-7F4F03BC0405}.Release|Any CPU.ActiveCfg = Release|Any CPU
		{F3193591-7084-4C03-A9E4-7F4F03BC0405}.Release|Any CPU.Build.0 = Release|Any CPU
		{F3193591-7084-4C03-A9E4-7F4F03BC0405}.Release|x64.ActiveCfg = Release|Any CPU
		{F3193591-7084-4C03-A9E4-7F4F03BC0405}.Release|x64.Build.0 = Release|Any CPU
		{F3193591-7084-4C03-A9E4-7F4F03BC0405}.Release|x86.ActiveCfg = Release|Any CPU
		{F3193591-7084-4C03-A9E4-7F4F03BC0405}.Release|x86.Build.0 = Release|Any CPU
	EndGlobalSection
	GlobalSection(SolutionProperties) = preSolution
		HideSolutionNode = FALSE
	EndGlobalSection
	GlobalSection(NestedProjects) = preSolution
		{5423D8BE-EC9F-4AA8-9CE1-493E7E39DEAB} = {02EA681E-C7D8-13C7-8484-4AC65E1B71E8}
		{6BB8C020-E83D-44DA-A905-406B4E09F048} = {02EA681E-C7D8-13C7-8484-4AC65E1B71E8}
		{B7B1206F-E559-4D74-BB8F-0099851C956B} = {02EA681E-C7D8-13C7-8484-4AC65E1B71E8}
		{F3193591-7084-4C03-A9E4-7F4F03BC0405} = {02EA681E-C7D8-13C7-8484-4AC65E1B71E8}
	EndGlobalSection
	GlobalSection(ExtensibilityGlobals) = postSolution
		SolutionGuid = {6452B6E5-5137-49CA-A4C9-AD8328E61359}
	EndGlobalSection
EndGlobal
